
Microsoft Visual Studio Solution File, Format Version 12.00
Project("{FAE04EC0-301F-11D3-BF4B-00C04F79EFBC}") = "DynamoDBExamples", "DynamoDBExamples.csproj", "{651D0319-4AE7-4B12-8897-018B43591A08}"
EndProject
Global
	GlobalSection(SolutionConfigurationPlatforms) = preSolution
		Debug|Any CPU = Debug|Any CPU
		Release|Any CPU = Release|Any CPU
	EndGlobalSection
	GlobalSection(ProjectConfigurationPlatforms) = postSolution
		{651D0319-4AE7-4B12-8897-018B43591A08}.Debug|Any CPU.ActiveCfg = Debug|Any CPU
		{651D0319-4AE7-4B12-8897-018B43591A08}.Debug|Any CPU.Build.0 = Debug|Any CPU
		{651D0319-4AE7-4B12-8897-018B43591A08}.Release|Any CPU.ActiveCfg = Release|Any CPU
		{651D0319-4AE7-4B12-8897-018B43591A08}.Release|Any CPU.Build.0 = Release|Any CPU
	EndGlobalSection
EndGlobal
